// !$*UTF8*$!
{
	archiveVersion = 1;
	classes = {
	};
	objectVersion = 50;
	objects = {

/* Begin PBXBuildFile section */
		FD17D3CC2380A9AC0013353F /* AppDelegate.swift in Sources */ = {isa = PBXBuildFile; fileRef = FD17D3CB2380A9AC0013353F /* AppDelegate.swift */; };
		FD17D3CE2380A9AC0013353F /* ContentView.swift in Sources */ = {isa = PBXBuildFile; fileRef = FD17D3CD2380A9AC0013353F /* ContentView.swift */; };
		FD17D3D02380A9AE0013353F /* Assets.xcassets in Resources */ = {isa = PBXBuildFile; fileRef = FD17D3CF2380A9AE0013353F /* Assets.xcassets */; };
		FD17D3D32380A9AE0013353F /* Preview Assets.xcassets in Resources */ = {isa = PBXBuildFile; fileRef = FD17D3D22380A9AE0013353F /* Preview Assets.xcassets */; };
		FD17D3D62380A9AE0013353F /* Main.storyboard in Resources */ = {isa = PBXBuildFile; fileRef = FD17D3D42380A9AE0013353F /* Main.storyboard */; };
/* End PBXBuildFile section */

/* Begin PBXFileReference section */
		FD17D3C82380A9AC0013353F /* LearnSwiftUI1.app */ = {isa = PBXFileReference; explicitFileType = wrapper.application; includeInIndex = 0; path = LearnSwiftUI1.app; sourceTree = BUILT_PRODUCTS_DIR; };
		FD17D3CB2380A9AC0013353F /* AppDelegate.swift */ = {isa = PBXFileReference; lastKnownFileType = sourcecode.swift; path = AppDelegate.swift; sourceTree = "<group>"; };
		FD17D3CD2380A9AC0013353F /* ContentView.swift */ = {isa = PBXFileReference; lastKnownFileType = sourcecode.swift; path = ContentView.swift; sourceTree = "<group>"; };
		FD17D3CF2380A9AE0013353F /* Assets.xcassets */ = {isa = PBXFileReference; lastKnownFileType = folder.assetcatalog; path = Assets.xcassets; sourceTree = "<group>"; };
		FD17D3D22380A9AE0013353F /* Preview Assets.xcassets */ = {isa = PBXFileReference; lastKnownFileType = folder.assetcatalog; path = "Preview Assets.xcassets"; sourceTree = "<group>"; };
		FD17D3D52380A9AE0013353F /* Base */ = {isa = PBXFileReference; lastKnownFileType = file.storyboard; name = Base; path = Base.lproj/Main.storyboard; sourceTree = "<group>"; };
		FD17D3D72380A9AE0013353F /* Info.plist */ = {isa = PBXFileReference; lastKnownFileType = text.plist.xml; path = Info.plist; sourceTree = "<group>"; };
		FD17D3D82380A9AE0013353F /* LearnSwiftUI1.entitlements */ = {isa = PBXFileReference; lastKnownFileType = text.plist.entitlements; path = LearnSwiftUI1.entitlements; sourceTree = "<group>"; };
/* End PBXFileReference section */

/* Begin PBXFrameworksBuildPhase section */
		FD17D3C52380A9AC0013353F /* Frameworks */ = {
			isa = PBXFrameworksBuildPhase;
			buildActionMask = 2147483647;
			files = (
			);
			runOnlyForDeploymentPostprocessing = 0;
		};
/* End PBXFrameworksBuildPhase section */

/* Begin PBXGroup section */
		FD17D3BF2380A9AC0013353F = {
			isa = PBXGroup;
			children = (
				FD17D3CA2380A9AC0013353F /* LearnSwiftUI1 */,
				FD17D3C92380A9AC0013353F /* Products */,
			);
			sourceTree = "<group>";
		};
		FD17D3C92380A9AC0013353F /* Products */ = {
			isa = PBXGroup;
			children = (
				FD17D3C82380A9AC0013353F /* LearnSwiftUI1.app */,
			);
			name = Products;
			sourceTree = "<group>";
		};
		FD17D3CA2380A9AC0013353F /* LearnSwiftUI1 */ = {
			isa = PBXGroup;
			children = (
				FD17D3CB2380A9AC0013353F /* AppDelegate.swift */,
				FD17D3CD2380A9AC0013353F /* ContentView.swift */,
				FD17D3CF2380A9AE0013353F /* Assets.xcassets */,
				FD17D3D42380A9AE0013353F /* Main.storyboard */,
				FD17D3D72380A9AE0013353F /* Info.plist */,
				FD17D3D82380A9AE0013353F /* LearnSwiftUI1.entitlements */,
				FD17D3D12380A9AE0013353F /* Preview Content */,
			);
			path = LearnSwiftUI1;
			sourceTree = "<group>";
		};
		FD17D3D12380A9AE0013353F /* Preview Content */ = {
			isa = PBXGroup;
			children = (
				FD17D3D22380A9AE0013353F /* Preview Assets.xcassets */,
			);
			path = "Preview Content";
			sourceTree = "<group>";
		};
/* End PBXGroup section */

/* Begin PBXNativeTarget section */
		FD17D3C72380A9AC0013353F /* LearnSwiftUI1 */ = {
			isa = PBXNativeTarget;
			buildConfigurationList = FD17D3DB2380A9AE0013353F /* Build configuration list for PBXNativeTarget "LearnSwiftUI1" */;
			buildPhases = (
				FD17D3C42380A9AC0013353F /* Sources */,
				FD17D3C52380A9AC0013353F /* Frameworks */,
				FD17D3C62380A9AC0013353F /* Resources */,
			);
			buildRules = (
			);
			dependencies = (
			);
			name = LearnSwiftUI1;
			productName = LearnSwiftUI1;
			productReference = FD17D3C82380A9AC0013353F /* LearnSwiftUI1.app */;
			productType = "com.apple.product-type.application";
		};
/* End PBXNativeTarget section */

/* Begin PBXProject section */
		FD17D3C02380A9AC0013353F /* Project object */ = {
			isa = PBXProject;
			attributes = {
				LastSwiftUpdateCheck = 1120;
				LastUpgradeCheck = 1120;
				ORGANIZATIONNAME = "Desert Moon Consulting, LLC";
				TargetAttributes = {
					FD17D3C72380A9AC0013353F = {
						CreatedOnToolsVersion = 11.2.1;
					};
				};
			};
			buildConfigurationList = FD17D3C32380A9AC0013353F /* Build configuration list for PBXProject "LearnSwiftUI1" */;
			compatibilityVersion = "Xcode 9.3";
			developmentRegion = en;
			hasScannedForEncodings = 0;
			knownRegions = (
				en,
				Base,
			);
			mainGroup = FD17D3BF2380A9AC0013353F;
			productRefGroup = FD17D3C92380A9AC0013353F /* Products */;
			projectDirPath = "";
			projectRoot = "";
			targets = (
				FD17D3C72380A9AC0013353F /* LearnSwiftUI1 */,
			);
		};
/* End PBXProject section */

/* Begin PBXResourcesBuildPhase section */
		FD17D3C62380A9AC0013353F /* Resources */ = {
			isa = PBXResourcesBuildPhase;
			buildActionMask = 2147483647;
			files = (
				FD17D3D62380A9AE0013353F /* Main.storyboard in Resources */,
				FD17D3D32380A9AE0013353F /* Preview Assets.xcassets in Resources */,
				FD17D3D02380A9AE0013353F /* Assets.xcassets in Resources */,
			);
			runOnlyForDeploymentPostprocessing = 0;
		};
/* End PBXResourcesBuildPhase section */

/* Begin PBXSourcesBuildPhase section */
		FD17D3C42380A9AC0013353F /* Sources */ = {
			isa = PBXSourcesBuildPhase;
			buildActionMask = 2147483647;
			files = (
				FD17D3CE2380A9AC0013353F /* ContentView.swift in Sources */,
				FD17D3CC2380A9AC0013353F /* AppDelegate.swift in Sources */,
			);
			runOnlyForDeploymentPostprocessing = 0;
		};
/* End PBXSourcesBuildPhase section */

/* Begin PBXVariantGroup section */
		FD17D3D42380A9AE0013353F /* Main.storyboard */ = {
			isa = PBXVariantGroup;
			children = (
				FD17D3D52380A9AE0013353F /* Base */,
			);
			name = Main.storyboard;
			sourceTree = "<group>";
		};
/* End PBXVariantGroup section */

/* Begin XCBuildConfiguration section */
		FD17D3D92380A9AE0013353F /* Debug */ = {
			isa = XCBuildConfiguration;
			buildSettings = {
				ALWAYS_SEARCH_USER_PATHS = NO;
				CLANG_ANALYZER_NONNULL = YES;
				CLANG_ANALYZER_NUMBER_OBJECT_CONVERSION = YES_AGGRESSIVE;
				CLANG_CXX_LANGUAGE_STANDARD = "gnu++14";
				CLANG_CXX_LIBRARY = "libc++";
				CLANG_ENABLE_MODULES = YES;
				CLANG_ENABLE_OBJC_ARC = YES;
				CLANG_ENABLE_OBJC_WEAK = YES;
				CLANG_WARN_BLOCK_CAPTURE_AUTORELEASING = YES;
				CLANG_WARN_BOOL_CONVERSION = YES;
				CLANG_WARN_COMMA = YES;
				CLANG_WARN_CONSTANT_CONVERSION = YES;
				CLANG_WARN_DEPRECATED_OBJC_IMPLEMENTATIONS = YES;
				CLANG_WARN_DIRECT_OBJC_ISA_USAGE = YES_ERROR;
				CLANG_WARN_DOCUMENTATION_COMMENTS = YES;
				CLANG_WARN_EMPTY_BODY = YES;
				CLANG_WARN_ENUM_CONVERSION = YES;
				CLANG_WARN_INFINITE_RECURSION = YES;
				CLANG_WARN_INT_CONVERSION = YES;
				CLANG_WARN_NON_LITERAL_NULL_CONVERSION = YES;
				CLANG_WARN_OBJC_IMPLICIT_RETAIN_SELF = YES;
				CLANG_WARN_OBJC_LITERAL_CONVERSION = YES;
				CLANG_WARN_OBJC_ROOT_CLASS = YES_ERROR;
				CLANG_WARN_RANGE_LOOP_ANALYSIS = YES;
				CLANG_WARN_STRICT_PROTOTYPES = YES;
				CLANG_WARN_SUSPICIOUS_MOVE = YES;
				CLANG_WARN_UNGUARDED_AVAILABILITY = YES_AGGRESSIVE;
				CLANG_WARN_UNREACHABLE_CODE = YES;
				CLANG_WARN__DUPLICATE_METHOD_MATCH = YES;
				COPY_PHASE_STRIP = NO;
				DEBUG_INFORMATION_FORMAT = dwarf;
				ENABLE_STRICT_OBJC_MSGSEND = YES;
				ENABLE_TESTABILITY = YES;
				GCC_C_LANGUAGE_STANDARD = gnu11;
				GCC_DYNAMIC_NO_PIC = NO;
				GCC_NO_COMMON_BLOCKS = YES;
				GCC_OPTIMIZATION_LEVEL = 0;
				GCC_PREPROCESSOR_DEFINITIONS = (
					"DEBUG=1",
					"$(inherited)",
				);
				GCC_WARN_64_TO_32_BIT_CONVERSION = YES;
				GCC_WARN_ABOUT_RETURN_TYPE = YES_ERROR;
				GCC_WARN_UNDECLARED_SELECTOR = YES;
				GCC_WARN_UNINITIALIZED_AUTOS = YES_AGGRESSIVE;
				GCC_WARN_UNUSED_FUNCTION = YES;
				GCC_WARN_UNUSED_VARIABLE = YES;
				MACOSX_DEPLOYMENT_TARGET = 10.15;
				MTL_ENABLE_DEBUG_INFO = INCLUDE_SOURCE;
				MTL_FAST_MATH = YES;
				ONLY_ACTIVE_ARCH = YES;
				SDKROOT = macosx;
				SWIFT_ACTIVE_COMPILATION_CONDITIONS = DEBUG;
				SWIFT_OPTIMIZATION_LEVEL = "-Onone";
			};
			name = Debug;
		};
		FD17D3DA2380A9AE0013353F /* Release */ = {
			isa = XCBuildConfiguration;
			buildSettings = {
				ALWAYS_SEARCH_USER_PATHS = NO;
				CLANG_ANALYZER_NONNULL = YES;
				CLANG_ANALYZER_NUMBER_OBJECT_CONVERSION = YES_AGGRESSIVE;
				CLANG_CXX_LANGUAGE_STANDARD = "gnu++14";
				CLANG_CXX_LIBRARY = "libc++";
				CLANG_ENABLE_MODULES = YES;
				CLANG_ENABLE_OBJC_ARC = YES;
				CLANG_ENABLE_OBJC_WEAK = YES;
				CLANG_WARN_BLOCK_CAPTURE_AUTORELEASING = YES;
				CLANG_WARN_BOOL_CONVERSION = YES;
				CLANG_WARN_COMMA = YES;
				CLANG_WARN_CONSTANT_CONVERSION = YES;
				CLANG_WARN_DEPRECATED_OBJC_IMPLEMENTATIONS = YES;
				CLANG_WARN_DIRECT_OBJC_ISA_USAGE = YES_ERROR;
				CLANG_WARN_DOCUMENTATION_COMMENTS = YES;
				CLANG_WARN_EMPTY_BODY = YES;
				CLANG_WARN_ENUM_CONVERSION = YES;
				CLANG_WARN_INFINITE_RECURSION = YES;
				CLANG_WARN_INT_CONVERSION = YES;
				CLANG_WARN_NON_LITERAL_NULL_CONVERSION = YES;
				CLANG_WARN_OBJC_IMPLICIT_RETAIN_SELF = YES;
				CLANG_WARN_OBJC_LITERAL_CONVERSION = YES;
				CLANG_WARN_OBJC_ROOT_CLASS = YES_ERROR;
				CLANG_WARN_RANGE_LOOP_ANALYSIS = YES;
				CLANG_WARN_STRICT_PROTOTYPES = YES;
				CLANG_WARN_SUSPICIOUS_MOVE = YES;
				CLANG_WARN_UNGUARDED_AVAILABILITY = YES_AGGRESSIVE;
				CLANG_WARN_UNREACHABLE_CODE = YES;
				CLANG_WARN__DUPLICATE_METHOD_MATCH = YES;
				COPY_PHASE_STRIP = NO;
				DEBUG_INFORMATION_FORMAT = "dwarf-with-dsym";
				ENABLE_NS_ASSERTIONS = NO;
				ENABLE_STRICT_OBJC_MSGSEND = YES;
				GCC_C_LANGUAGE_STANDARD = gnu11;
				GCC_NO_COMMON_BLOCKS = YES;
				GCC_WARN_64_TO_32_BIT_CONVERSION = YES;
				GCC_WARN_ABOUT_RETURN_TYPE = YES_ERROR;
				GCC_WARN_UNDECLARED_SELECTOR = YES;
				GCC_WARN_UNINITIALIZED_AUTOS = YES_AGGRESSIVE;
				GCC_WARN_UNUSED_FUNCTION = YES;
				GCC_WARN_UNUSED_VARIABLE = YES;
				MACOSX_DEPLOYMENT_TARGET = 10.15;
				MTL_ENABLE_DEBUG_INFO = NO;
				MTL_FAST_MATH = YES;
				SDKROOT = macosx;
				SWIFT_COMPILATION_MODE = wholemodule;
				SWIFT_OPTIMIZATION_LEVEL = "-O";
			};
			name = Release;
		};
		FD17D3DC2380A9AE0013353F /* Debug */ = {
			isa = XCBuildConfiguration;
			buildSettings = {
				ASSETCATALOG_COMPILER_APPICON_NAME = AppIcon;
				CODE_SIGN_ENTITLEMENTS = LearnSwiftUI1/LearnSwiftUI1.entitlements;
				CODE_SIGN_STYLE = Automatic;
				COMBINE_HIDPI_IMAGES = YES;
				DEVELOPMENT_ASSET_PATHS = "\"LearnSwiftUI1/Preview Content\"";
				ENABLE_PREVIEWS = YES;
				INFOPLIST_FILE = LearnSwiftUI1/Info.plist;
				LD_RUNPATH_SEARCH_PATHS = (
					"$(inherited)",
					"@executable_path/../Frameworks",
				);
				MACOSX_DEPLOYMENT_TARGET = 10.15;
				PRODUCT_BUNDLE_IDENTIFIER = com.dmoonc.LearnSwiftUI1;
				PRODUCT_NAME = "$(TARGET_NAME)";
				SWIFT_VERSION = 5.0;
			};
			name = Debug;
		};
		FD17D3DD2380A9AE0013353F /* Release */ = {
			isa = XCBuildConfiguration;
			buildSettings = {
				ASSETCATALOG_COMPILER_APPICON_NAME = AppIcon;
				CODE_SIGN_ENTITLEMENTS = LearnSwiftUI1/LearnSwiftUI1.entitlements;
				CODE_SIGN_STYLE = Automatic;
				COMBINE_HIDPI_IMAGES = YES;
				DEVELOPMENT_ASSET_PATHS = "\"LearnSwiftUI1/Preview Content\"";
				ENABLE_PREVIEWS = YES;
				INFOPLIST_FILE = LearnSwiftUI1/Info.plist;
				LD_RUNPATH_SEARCH_PATHS = (
					"$(inherited)",
					"@executable_path/../Frameworks",
				);
				MACOSX_DEPLOYMENT_TARGET = 10.15;
				PRODUCT_BUNDLE_IDENTIFIER = com.dmoonc.LearnSwiftUI1;
				PRODUCT_NAME = "$(TARGET_NAME)";
				SWIFT_VERSION = 5.0;
			};
			name = Release;
		};
/* End XCBuildConfiguration section */

/* Begin XCConfigurationList section */
		FD17D3C32380A9AC0013353F /* Build configuration list for PBXProject "LearnSwiftUI1" */ = {
			isa = XCConfigurationList;
			buildConfigurations = (
				FD17D3D92380A9AE0013353F /* Debug */,
				FD17D3DA2380A9AE0013353F /* Release */,
			);
			defaultConfigurationIsVisible = 0;
			defaultConfigurationName = Release;
		};
		FD17D3DB2380A9AE0013353F /* Build configuration list for PBXNativeTarget "LearnSwiftUI1" */ = {
			isa = XCConfigurationList;
			buildConfigurations = (
				FD17D3DC2380A9AE0013353F /* Debug */,
				FD17D3DD2380A9AE0013353F /* Release */,
			);
			defaultConfigurationIsVisible = 0;
			defaultConfigurationName = Release;
		};
/* End XCConfigurationList section */
	};
	rootObject = FD17D3C02380A9AC0013353F /* Project object */;
}
