// !$*UTF8*$!
{
	archiveVersion = 1;
	classes = {
	};
	objectVersion = 52;
	objects = {

/* Begin PBXBuildFile section */
		FD17D3CC2380A9AC0013353F /* AppDelegate.swift in Sources */ = {isa = PBXBuildFile; fileRef = FD17D3CB2380A9AC0013353F /* AppDelegate.swift */; };
		FD17D3CE2380A9AC0013353F /* ContentView.swift in Sources */ = {isa = PBXBuildFile; fileRef = FD17D3CD2380A9AC0013353F /* ContentView.swift */; };
		FD17D3D02380A9AE0013353F /* Assets.xcassets in Resources */ = {isa = PBXBuildFile; fileRef = FD17D3CF2380A9AE0013353F /* Assets.xcassets */; };
		FD17D3D32380A9AE0013353F /* Preview Assets.xcassets in Resources */ = {isa = PBXBuildFile; fileRef = FD17D3D22380A9AE0013353F /* Preview Assets.xcassets */; };
		FD17D3D62380A9AE0013353F /* Main.storyboard in Resources */ = {isa = PBXBuildFile; fileRef = FD17D3D42380A9AE0013353F /* Main.storyboard */; };
		FD3E1A1623A0B3020084BF4F /* ebm1dLib in Frameworks */ = {isa = PBXBuildFile; productRef = FD3E1A1523A0B3020084BF4F /* ebm1dLib */; };
		FD3E1A2423A1D94E0084BF4F /* ChartData.swift in Sources */ = {isa = PBXBuildFile; fileRef = FD3E1A2023A1D94E0084BF4F /* ChartData.swift */; };
		FD3E1A2523A1D94E0084BF4F /* Series2D.swift in Sources */ = {isa = PBXBuildFile; fileRef = FD3E1A2123A1D94E0084BF4F /* Series2D.swift */; };
		FD3E1A2623A1D94E0084BF4F /* AxisLimits.swift.swift in Sources */ = {isa = PBXBuildFile; fileRef = FD3E1A2223A1D94E0084BF4F /* AxisLimits.swift.swift */; };
		FD3E1A2723A1D94E0084BF4F /* ChartView.swift in Sources */ = {isa = PBXBuildFile; fileRef = FD3E1A2323A1D94E0084BF4F /* ChartView.swift */; };
		FD830304239F3F9B004F142E /* ViewModel.swift in Sources */ = {isa = PBXBuildFile; fileRef = FD830303239F3F9B004F142E /* ViewModel.swift */; };
		FDB5CAAA23B942A4007D17C3 /* AlbedoViewModel.swift in Sources */ = {isa = PBXBuildFile; fileRef = FDB5CAA923B942A4007D17C3 /* AlbedoViewModel.swift */; };
		FDED5F2C23A7C44F0099163B /* GlobeView.swift in Sources */ = {isa = PBXBuildFile; fileRef = FDED5F2B23A7C44F0099163B /* GlobeView.swift */; };
		FDED5F3023A8775D0099163B /* AlbedoImgMaker.swift in Sources */ = {isa = PBXBuildFile; fileRef = FDED5F2F23A8775D0099163B /* AlbedoImgMaker.swift */; };
/* End PBXBuildFile section */

/* Begin PBXFileReference section */
		FD17D3C82380A9AC0013353F /* EBM1D.app */ = {isa = PBXFileReference; explicitFileType = wrapper.application; includeInIndex = 0; path = EBM1D.app; sourceTree = BUILT_PRODUCTS_DIR; };
		FD17D3CB2380A9AC0013353F /* AppDelegate.swift */ = {isa = PBXFileReference; lastKnownFileType = sourcecode.swift; path = AppDelegate.swift; sourceTree = "<group>"; };
		FD17D3CD2380A9AC0013353F /* ContentView.swift */ = {isa = PBXFileReference; lastKnownFileType = sourcecode.swift; path = ContentView.swift; sourceTree = "<group>"; };
		FD17D3CF2380A9AE0013353F /* Assets.xcassets */ = {isa = PBXFileReference; lastKnownFileType = folder.assetcatalog; path = Assets.xcassets; sourceTree = "<group>"; };
		FD17D3D22380A9AE0013353F /* Preview Assets.xcassets */ = {isa = PBXFileReference; lastKnownFileType = folder.assetcatalog; path = "Preview Assets.xcassets"; sourceTree = "<group>"; };
		FD17D3D52380A9AE0013353F /* Base */ = {isa = PBXFileReference; lastKnownFileType = file.storyboard; name = Base; path = Base.lproj/Main.storyboard; sourceTree = "<group>"; };
		FD17D3D72380A9AE0013353F /* Info.plist */ = {isa = PBXFileReference; lastKnownFileType = text.plist.xml; path = Info.plist; sourceTree = "<group>"; };
		FD17D3D82380A9AE0013353F /* LearnSwiftUI1.entitlements */ = {isa = PBXFileReference; lastKnownFileType = text.plist.entitlements; path = LearnSwiftUI1.entitlements; sourceTree = "<group>"; };
		FD3E1A1423A0B2EB0084BF4F /* ebm1d */ = {isa = PBXFileReference; lastKnownFileType = folder; name = ebm1d; path = ../ebm1d; sourceTree = "<group>"; };
		FD3E1A2023A1D94E0084BF4F /* ChartData.swift */ = {isa = PBXFileReference; fileEncoding = 4; lastKnownFileType = sourcecode.swift; path = ChartData.swift; sourceTree = "<group>"; };
		FD3E1A2123A1D94E0084BF4F /* Series2D.swift */ = {isa = PBXFileReference; fileEncoding = 4; lastKnownFileType = sourcecode.swift; path = Series2D.swift; sourceTree = "<group>"; };
		FD3E1A2223A1D94E0084BF4F /* AxisLimits.swift.swift */ = {isa = PBXFileReference; fileEncoding = 4; lastKnownFileType = sourcecode.swift; path = AxisLimits.swift.swift; sourceTree = "<group>"; };
		FD3E1A2323A1D94E0084BF4F /* ChartView.swift */ = {isa = PBXFileReference; fileEncoding = 4; lastKnownFileType = sourcecode.swift; path = ChartView.swift; sourceTree = "<group>"; };
		FD830303239F3F9B004F142E /* ViewModel.swift */ = {isa = PBXFileReference; lastKnownFileType = sourcecode.swift; path = ViewModel.swift; sourceTree = "<group>"; };
		FDB5CAA923B942A4007D17C3 /* AlbedoViewModel.swift */ = {isa = PBXFileReference; lastKnownFileType = sourcecode.swift; path = AlbedoViewModel.swift; sourceTree = "<group>"; };
		FDED5F2B23A7C44F0099163B /* GlobeView.swift */ = {isa = PBXFileReference; lastKnownFileType = sourcecode.swift; path = GlobeView.swift; sourceTree = "<group>"; };
		FDED5F2F23A8775D0099163B /* AlbedoImgMaker.swift */ = {isa = PBXFileReference; lastKnownFileType = sourcecode.swift; path = AlbedoImgMaker.swift; sourceTree = "<group>"; };
/* End PBXFileReference section */

/* Begin PBXFrameworksBuildPhase section */
		FD17D3C52380A9AC0013353F /* Frameworks */ = {
			isa = PBXFrameworksBuildPhase;
			buildActionMask = 2147483647;
			files = (
				FD3E1A1623A0B3020084BF4F /* ebm1dLib in Frameworks */,
			);
			runOnlyForDeploymentPostprocessing = 0;
		};
/* End PBXFrameworksBuildPhase section */

/* Begin PBXGroup section */
		FD17D3BF2380A9AC0013353F = {
			isa = PBXGroup;
			children = (
				FD17D3CA2380A9AC0013353F /* EBM1D */,
				FD17D3C92380A9AC0013353F /* Products */,
				FD8302E9239F3BBB004F142E /* Frameworks */,
			);
			sourceTree = "<group>";
		};
		FD17D3C92380A9AC0013353F /* Products */ = {
			isa = PBXGroup;
			children = (
				FD17D3C82380A9AC0013353F /* EBM1D.app */,
			);
			name = Products;
			sourceTree = "<group>";
		};
		FD17D3CA2380A9AC0013353F /* EBM1D */ = {
			isa = PBXGroup;
			children = (
				FD3E1A1F23A1D9290084BF4F /* ChartViews */,
				FD17D3CB2380A9AC0013353F /* AppDelegate.swift */,
				FD17D3CD2380A9AC0013353F /* ContentView.swift */,
				FDED5F2B23A7C44F0099163B /* GlobeView.swift */,
				FDED5F2F23A8775D0099163B /* AlbedoImgMaker.swift */,
				FD830303239F3F9B004F142E /* ViewModel.swift */,
				FDB5CAA923B942A4007D17C3 /* AlbedoViewModel.swift */,
				FD17D3CF2380A9AE0013353F /* Assets.xcassets */,
				FD17D3D42380A9AE0013353F /* Main.storyboard */,
				FD17D3D72380A9AE0013353F /* Info.plist */,
				FD17D3D82380A9AE0013353F /* LearnSwiftUI1.entitlements */,
				FD17D3D12380A9AE0013353F /* Preview Content */,
			);
			path = EBM1D;
			sourceTree = "<group>";
		};
		FD17D3D12380A9AE0013353F /* Preview Content */ = {
			isa = PBXGroup;
			children = (
				FD17D3D22380A9AE0013353F /* Preview Assets.xcassets */,
			);
			path = "Preview Content";
			sourceTree = "<group>";
		};
		FD3E1A1F23A1D9290084BF4F /* ChartViews */ = {
			isa = PBXGroup;
			children = (
				FD3E1A2223A1D94E0084BF4F /* AxisLimits.swift.swift */,
				FD3E1A2023A1D94E0084BF4F /* ChartData.swift */,
				FD3E1A2323A1D94E0084BF4F /* ChartView.swift */,
				FD3E1A2123A1D94E0084BF4F /* Series2D.swift */,
			);
			path = ChartViews;
			sourceTree = "<group>";
		};
		FD8302E9239F3BBB004F142E /* Frameworks */ = {
			isa = PBXGroup;
			children = (
				FD3E1A1423A0B2EB0084BF4F /* ebm1d */,
			);
			name = Frameworks;
			sourceTree = "<group>";
		};
/* End PBXGroup section */

/* Begin PBXNativeTarget section */
		FD17D3C72380A9AC0013353F /* EBM1D */ = {
			isa = PBXNativeTarget;
			buildConfigurationList = FD17D3DB2380A9AE0013353F /* Build configuration list for PBXNativeTarget "EBM1D" */;
			buildPhases = (
				FD17D3C42380A9AC0013353F /* Sources */,
				FD17D3C52380A9AC0013353F /* Frameworks */,
				FD17D3C62380A9AC0013353F /* Resources */,
			);
			buildRules = (
			);
			dependencies = (
			);
			name = EBM1D;
			packageProductDependencies = (
				FD3E1A1523A0B3020084BF4F /* ebm1dLib */,
			);
			productName = LearnSwiftUI1;
			productReference = FD17D3C82380A9AC0013353F /* EBM1D.app */;
			productType = "com.apple.product-type.application";
		};
/* End PBXNativeTarget section */

/* Begin PBXProject section */
		FD17D3C02380A9AC0013353F /* Project object */ = {
			isa = PBXProject;
			attributes = {
				LastSwiftUpdateCheck = 1120;
				LastUpgradeCheck = 1130;
				ORGANIZATIONNAME = "Desert Moon Consulting, LLC";
				TargetAttributes = {
					FD17D3C72380A9AC0013353F = {
						CreatedOnToolsVersion = 11.2.1;
					};
				};
			};
			buildConfigurationList = FD17D3C32380A9AC0013353F /* Build configuration list for PBXProject "EBM1D" */;
			compatibilityVersion = "Xcode 9.3";
			developmentRegion = en;
			hasScannedForEncodings = 0;
			knownRegions = (
				en,
				Base,
			);
			mainGroup = FD17D3BF2380A9AC0013353F;
			productRefGroup = FD17D3C92380A9AC0013353F /* Products */;
			projectDirPath = "";
			projectRoot = "";
			targets = (
				FD17D3C72380A9AC0013353F /* EBM1D */,
			);
		};
/* End PBXProject section */

/* Begin PBXResourcesBuildPhase section */
		FD17D3C62380A9AC0013353F /* Resources */ = {
			isa = PBXResourcesBuildPhase;
			buildActionMask = 2147483647;
			files = (
				FD17D3D62380A9AE0013353F /* Main.storyboard in Resources */,
				FD17D3D32380A9AE0013353F /* Preview Assets.xcassets in Resources */,
				FD17D3D02380A9AE0013353F /* Assets.xcassets in Resources */,
			);
			runOnlyForDeploymentPostprocessing = 0;
		};
/* End PBXResourcesBuildPhase section */

/* Begin PBXSourcesBuildPhase section */
		FD17D3C42380A9AC0013353F /* Sources */ = {
			isa = PBXSourcesBuildPhase;
			buildActionMask = 2147483647;
			files = (
				FD3E1A2523A1D94E0084BF4F /* Series2D.swift in Sources */,
				FD3E1A2623A1D94E0084BF4F /* AxisLimits.swift.swift in Sources */,
				FD17D3CE2380A9AC0013353F /* ContentView.swift in Sources */,
				FD3E1A2723A1D94E0084BF4F /* ChartView.swift in Sources */,
				FD17D3CC2380A9AC0013353F /* AppDelegate.swift in Sources */,
				FDB5CAAA23B942A4007D17C3 /* AlbedoViewModel.swift in Sources */,
				FDED5F3023A8775D0099163B /* AlbedoImgMaker.swift in Sources */,
				FD3E1A2423A1D94E0084BF4F /* ChartData.swift in Sources */,
				FDED5F2C23A7C44F0099163B /* GlobeView.swift in Sources */,
				FD830304239F3F9B004F142E /* ViewModel.swift in Sources */,
			);
			runOnlyForDeploymentPostprocessing = 0;
		};
/* End PBXSourcesBuildPhase section */

/* Begin PBXVariantGroup section */
		FD17D3D42380A9AE0013353F /* Main.storyboard */ = {
			isa = PBXVariantGroup;
			children = (
				FD17D3D52380A9AE0013353F /* Base */,
			);
			name = Main.storyboard;
			sourceTree = "<group>";
		};
/* End PBXVariantGroup section */

/* Begin XCBuildConfiguration section */
		FD17D3D92380A9AE0013353F /* Debug */ = {
			isa = XCBuildConfiguration;
			buildSettings = {
				ALWAYS_SEARCH_USER_PATHS = NO;
				CLANG_ANALYZER_NONNULL = YES;
				CLANG_ANALYZER_NUMBER_OBJECT_CONVERSION = YES_AGGRESSIVE;
				CLANG_CXX_LANGUAGE_STANDARD = "gnu++14";
				CLANG_CXX_LIBRARY = "libc++";
				CLANG_ENABLE_MODULES = YES;
				CLANG_ENABLE_OBJC_ARC = YES;
				CLANG_ENABLE_OBJC_WEAK = YES;
				CLANG_WARN_BLOCK_CAPTURE_AUTORELEASING = YES;
				CLANG_WARN_BOOL_CONVERSION = YES;
				CLANG_WARN_COMMA = YES;
				CLANG_WARN_CONSTANT_CONVERSION = YES;
				CLANG_WARN_DEPRECATED_OBJC_IMPLEMENTATIONS = YES;
				CLANG_WARN_DIRECT_OBJC_ISA_USAGE = YES_ERROR;
				CLANG_WARN_DOCUMENTATION_COMMENTS = YES;
				CLANG_WARN_EMPTY_BODY = YES;
				CLANG_WARN_ENUM_CONVERSION = YES;
				CLANG_WARN_INFINITE_RECURSION = YES;
				CLANG_WARN_INT_CONVERSION = YES;
				CLANG_WARN_NON_LITERAL_NULL_CONVERSION = YES;
				CLANG_WARN_OBJC_IMPLICIT_RETAIN_SELF = YES;
				CLANG_WARN_OBJC_LITERAL_CONVERSION = YES;
				CLANG_WARN_OBJC_ROOT_CLASS = YES_ERROR;
				CLANG_WARN_RANGE_LOOP_ANALYSIS = YES;
				CLANG_WARN_STRICT_PROTOTYPES = YES;
				CLANG_WARN_SUSPICIOUS_MOVE = YES;
				CLANG_WARN_UNGUARDED_AVAILABILITY = YES_AGGRESSIVE;
				CLANG_WARN_UNREACHABLE_CODE = YES;
				CLANG_WARN__DUPLICATE_METHOD_MATCH = YES;
				COPY_PHASE_STRIP = NO;
				DEBUG_INFORMATION_FORMAT = dwarf;
				ENABLE_STRICT_OBJC_MSGSEND = YES;
				ENABLE_TESTABILITY = YES;
				GCC_C_LANGUAGE_STANDARD = gnu11;
				GCC_DYNAMIC_NO_PIC = NO;
				GCC_NO_COMMON_BLOCKS = YES;
				GCC_OPTIMIZATION_LEVEL = 0;
				GCC_PREPROCESSOR_DEFINITIONS = (
					"DEBUG=1",
					"$(inherited)",
				);
				GCC_WARN_64_TO_32_BIT_CONVERSION = YES;
				GCC_WARN_ABOUT_RETURN_TYPE = YES_ERROR;
				GCC_WARN_UNDECLARED_SELECTOR = YES;
				GCC_WARN_UNINITIALIZED_AUTOS = YES_AGGRESSIVE;
				GCC_WARN_UNUSED_FUNCTION = YES;
				GCC_WARN_UNUSED_VARIABLE = YES;
				MACOSX_DEPLOYMENT_TARGET = 10.15;
				MTL_ENABLE_DEBUG_INFO = INCLUDE_SOURCE;
				MTL_FAST_MATH = YES;
				ONLY_ACTIVE_ARCH = YES;
				SDKROOT = macosx;
				SWIFT_ACTIVE_COMPILATION_CONDITIONS = DEBUG;
				SWIFT_OPTIMIZATION_LEVEL = "-Onone";
			};
			name = Debug;
		};
		FD17D3DA2380A9AE0013353F /* Release */ = {
			isa = XCBuildConfiguration;
			buildSettings = {
				ALWAYS_SEARCH_USER_PATHS = NO;
				CLANG_ANALYZER_NONNULL = YES;
				CLANG_ANALYZER_NUMBER_OBJECT_CONVERSION = YES_AGGRESSIVE;
				CLANG_CXX_LANGUAGE_STANDARD = "gnu++14";
				CLANG_CXX_LIBRARY = "libc++";
				CLANG_ENABLE_MODULES = YES;
				CLANG_ENABLE_OBJC_ARC = YES;
				CLANG_ENABLE_OBJC_WEAK = YES;
				CLANG_WARN_BLOCK_CAPTURE_AUTORELEASING = YES;
				CLANG_WARN_BOOL_CONVERSION = YES;
				CLANG_WARN_COMMA = YES;
				CLANG_WARN_CONSTANT_CONVERSION = YES;
				CLANG_WARN_DEPRECATED_OBJC_IMPLEMENTATIONS = YES;
				CLANG_WARN_DIRECT_OBJC_ISA_USAGE = YES_ERROR;
				CLANG_WARN_DOCUMENTATION_COMMENTS = YES;
				CLANG_WARN_EMPTY_BODY = YES;
				CLANG_WARN_ENUM_CONVERSION = YES;
				CLANG_WARN_INFINITE_RECURSION = YES;
				CLANG_WARN_INT_CONVERSION = YES;
				CLANG_WARN_NON_LITERAL_NULL_CONVERSION = YES;
				CLANG_WARN_OBJC_IMPLICIT_RETAIN_SELF = YES;
				CLANG_WARN_OBJC_LITERAL_CONVERSION = YES;
				CLANG_WARN_OBJC_ROOT_CLASS = YES_ERROR;
				CLANG_WARN_RANGE_LOOP_ANALYSIS = YES;
				CLANG_WARN_STRICT_PROTOTYPES = YES;
				CLANG_WARN_SUSPICIOUS_MOVE = YES;
				CLANG_WARN_UNGUARDED_AVAILABILITY = YES_AGGRESSIVE;
				CLANG_WARN_UNREACHABLE_CODE = YES;
				CLANG_WARN__DUPLICATE_METHOD_MATCH = YES;
				COPY_PHASE_STRIP = NO;
				DEBUG_INFORMATION_FORMAT = "dwarf-with-dsym";
				ENABLE_NS_ASSERTIONS = NO;
				ENABLE_STRICT_OBJC_MSGSEND = YES;
				GCC_C_LANGUAGE_STANDARD = gnu11;
				GCC_NO_COMMON_BLOCKS = YES;
				GCC_WARN_64_TO_32_BIT_CONVERSION = YES;
				GCC_WARN_ABOUT_RETURN_TYPE = YES_ERROR;
				GCC_WARN_UNDECLARED_SELECTOR = YES;
				GCC_WARN_UNINITIALIZED_AUTOS = YES_AGGRESSIVE;
				GCC_WARN_UNUSED_FUNCTION = YES;
				GCC_WARN_UNUSED_VARIABLE = YES;
				MACOSX_DEPLOYMENT_TARGET = 10.15;
				MTL_ENABLE_DEBUG_INFO = NO;
				MTL_FAST_MATH = YES;
				SDKROOT = macosx;
				SWIFT_COMPILATION_MODE = wholemodule;
				SWIFT_OPTIMIZATION_LEVEL = "-O";
			};
			name = Release;
		};
		FD17D3DC2380A9AE0013353F /* Debug */ = {
			isa = XCBuildConfiguration;
			buildSettings = {
				ASSETCATALOG_COMPILER_APPICON_NAME = AppIcon;
				CODE_SIGN_ENTITLEMENTS = EBM1D/EBM1D.entitlements;
				CODE_SIGN_IDENTITY = "-";
				CODE_SIGN_STYLE = Automatic;
				COMBINE_HIDPI_IMAGES = YES;
				DEVELOPMENT_ASSET_PATHS = "\"EBM1D/Preview Content\"";
				ENABLE_PREVIEWS = YES;
				INFOPLIST_FILE = EBM1D/Info.plist;
				LD_RUNPATH_SEARCH_PATHS = (
					"$(inherited)",
					"@executable_path/../Frameworks",
				);
				MACOSX_DEPLOYMENT_TARGET = 10.15;
				PRODUCT_BUNDLE_IDENTIFIER = com.dmoonc.EBM1D;
				PRODUCT_NAME = "$(TARGET_NAME)";
				SWIFT_VERSION = 5.0;
			};
			name = Debug;
		};
		FD17D3DD2380A9AE0013353F /* Release */ = {
			isa = XCBuildConfiguration;
			buildSettings = {
				ASSETCATALOG_COMPILER_APPICON_NAME = AppIcon;
				CODE_SIGN_ENTITLEMENTS = EBM1D/EBM1D.entitlements;
				CODE_SIGN_IDENTITY = "-";
				CODE_SIGN_STYLE = Automatic;
				COMBINE_HIDPI_IMAGES = YES;
				DEVELOPMENT_ASSET_PATHS = "\"EBM1D/Preview Content\"";
				ENABLE_PREVIEWS = YES;
				INFOPLIST_FILE = EBM1D/Info.plist;
				LD_RUNPATH_SEARCH_PATHS = (
					"$(inherited)",
					"@executable_path/../Frameworks",
				);
				MACOSX_DEPLOYMENT_TARGET = 10.15;
				PRODUCT_BUNDLE_IDENTIFIER = com.dmoonc.EBM1D;
				PRODUCT_NAME = "$(TARGET_NAME)";
				SWIFT_VERSION = 5.0;
			};
			name = Release;
		};
/* End XCBuildConfiguration section */

/* Begin XCConfigurationList section */
		FD17D3C32380A9AC0013353F /* Build configuration list for PBXProject "EBM1D" */ = {
			isa = XCConfigurationList;
			buildConfigurations = (
				FD17D3D92380A9AE0013353F /* Debug */,
				FD17D3DA2380A9AE0013353F /* Release */,
			);
			defaultConfigurationIsVisible = 0;
			defaultConfigurationName = Release;
		};
		FD17D3DB2380A9AE0013353F /* Build configuration list for PBXNativeTarget "EBM1D" */ = {
			isa = XCConfigurationList;
			buildConfigurations = (
				FD17D3DC2380A9AE0013353F /* Debug */,
				FD17D3DD2380A9AE0013353F /* Release */,
			);
			defaultConfigurationIsVisible = 0;
			defaultConfigurationName = Release;
		};
/* End XCConfigurationList section */

/* Begin XCSwiftPackageProductDependency section */
		FD3E1A1523A0B3020084BF4F /* ebm1dLib */ = {
			isa = XCSwiftPackageProductDependency;
			productName = ebm1dLib;
		};
/* End XCSwiftPackageProductDependency section */
	};
	rootObject = FD17D3C02380A9AC0013353F /* Project object */;
}
